
Microsoft Visual Studio Solution File, Format Version 12.00
# Visual Studio Version 17
VisualStudioVersion = 17.3.32929.385
MinimumVisualStudioVersion = 10.0.40219.1
Project("{FAE04EC0-301F-11D3-BF4B-00C04F79EFBC}") = "BlazorWasmLocalization", "BlazorWasmLocalization.csproj", "{6AA5D0CF-23F0-466E-927C-B1061609E393}"
EndProject
Global
	GlobalSection(SolutionConfigurationPlatforms) = preSolution
		Debug|Any CPU = Debug|Any CPU
		Release|Any CPU = Release|Any CPU
	EndGlobalSection
	GlobalSection(ProjectConfigurationPlatforms) = postSolution
		{6AA5D0CF-23F0-466E-927C-B1061609E393}.Debug|Any CPU.ActiveCfg = Debug|Any CPU
		{6AA5D0CF-23F0-466E-927C-B1061609E393}.Debug|Any CPU.Build.0 = Debug|Any CPU
		{6AA5D0CF-23F0-466E-927C-B1061609E393}.Release|Any CPU.ActiveCfg = Release|Any CPU
		{6AA5D0CF-23F0-466E-927C-B1061609E393}.Release|Any CPU.Build.0 = Release|Any CPU
	EndGlobalSection
	GlobalSection(SolutionProperties) = preSolution
		HideSolutionNode = FALSE
	EndGlobalSection
	GlobalSection(ExtensibilityGlobals) = postSolution
		SolutionGuid = {80A845FB-7EC3-4246-A980-E0CDE7DACD67}
	EndGlobalSection
EndGlobal
